
Microsoft Visual Studio Solution File, Format Version 12.00
# Visual Studio Version 17
VisualStudioVersion = 17.10.35122.118
MinimumVisualStudioVersion = 10.0.40219.1
Project("{9A19103F-16F7-4668-BE54-9A1E7A4F7556}") = "BgB_TeachingAssistant", "BgB_TeachingAssistant\BgB_TeachingAssistant.csproj", "{AE54C2F4-3C39-4DDC-ACAB-85E03741F6ED}"
EndProject
Project("{FAE04EC0-301F-11D3-BF4B-00C04F79EFBC}") = "BgB_TeachingAssistant.Tests", "BgB_TeachingAssistant.Tests\BgB_TeachingAssistant.Tests.csproj", "{2E78C7C1-AB4B-44CD-A104-809BB34C8BF4}"
EndProject
Global
	GlobalSection(SolutionConfigurationPlatforms) = preSolution
		Debug|Any CPU = Debug|Any CPU
		Release|Any CPU = Release|Any CPU
	EndGlobalSection
	GlobalSection(ProjectConfigurationPlatforms) = postSolution
		{AE54C2F4-3C39-4DDC-ACAB-85E03741F6ED}.Debug|Any CPU.ActiveCfg = Debug|Any CPU
		{AE54C2F4-3C39-4DDC-ACAB-85E03741F6ED}.Debug|Any CPU.Build.0 = Debug|Any CPU
		{AE54C2F4-3C39-4DDC-ACAB-85E03741F6ED}.Release|Any CPU.ActiveCfg = Release|Any CPU
		{AE54C2F4-3C39-4DDC-ACAB-85E03741F6ED}.Release|Any CPU.Build.0 = Release|Any CPU
		{2E78C7C1-AB4B-44CD-A104-809BB34C8BF4}.Debug|Any CPU.ActiveCfg = Debug|Any CPU
		{2E78C7C1-AB4B-44CD-A104-809BB34C8BF4}.Debug|Any CPU.Build.0 = Debug|Any CPU
		{2E78C7C1-AB4B-44CD-A104-809BB34C8BF4}.Release|Any CPU.ActiveCfg = Release|Any CPU
		{2E78C7C1-AB4B-44CD-A104-809BB34C8BF4}.Release|Any CPU.Build.0 = Release|Any CPU
	EndGlobalSection
	GlobalSection(SolutionProperties) = preSolution
		HideSolutionNode = FALSE
	EndGlobalSection
	GlobalSection(ExtensibilityGlobals) = postSolution
		SolutionGuid = {AB9D5980-B8FC-430F-B3FE-123B385302ED}
	EndGlobalSection
EndGlobal
